
Microsoft Visual Studio Solution File, Format Version 12.00
# Visual Studio 15
VisualStudioVersion = 15.0.27428.2037
MinimumVisualStudioVersion = 10.0.40219.1
Project("{FAE04EC0-301F-11D3-BF4B-00C04F79EFBC}") = "Kalladystine.DataModels.Generators", "Kalladystine.DataModels.Generators\Kalladystine.DataModels.Generators.csproj", "{8E8DC4FE-7978-4EC6-8DED-6015528B2B30}"
EndProject
Project("{FAE04EC0-301F-11D3-BF4B-00C04F79EFBC}") = "Kalladystine.DataModels.Generators.Cmd", "Kalladystine.DataModels.Generators.Cmd\Kalladystine.DataModels.Generators.Cmd.csproj", "{73AA726C-FA6C-45F9-895A-5F17107A016F}"
EndProject
Project("{FAE04EC0-301F-11D3-BF4B-00C04F79EFBC}") = "Kalladystine.DataModels.Generators.Activities", "Kalladystine.DataModels.Generators.Activities\Kalladystine.DataModels.Generators.Activities.csproj", "{2820C2DF-F04A-44C2-B365-A6444A904255}"
EndProject
Project("{FAE04EC0-301F-11D3-BF4B-00C04F79EFBC}") = "Kalladystine.DataModels.Generators.Activities.Design", "Kalladystine.DataModels.Generators.Activities.Design\Kalladystine.DataModels.Generators.Activities.Design.csproj", "{C193ECF3-FD35-4E75-A617-8D280AC8E044}"
EndProject
Global
	GlobalSection(SolutionConfigurationPlatforms) = preSolution
		Debug|Any CPU = Debug|Any CPU
		Release|Any CPU = Release|Any CPU
	EndGlobalSection
	GlobalSection(ProjectConfigurationPlatforms) = postSolution
		{8E8DC4FE-7978-4EC6-8DED-6015528B2B30}.Debug|Any CPU.ActiveCfg = Debug|Any CPU
		{8E8DC4FE-7978-4EC6-8DED-6015528B2B30}.Debug|Any CPU.Build.0 = Debug|Any CPU
		{8E8DC4FE-7978-4EC6-8DED-6015528B2B30}.Release|Any CPU.ActiveCfg = Release|Any CPU
		{8E8DC4FE-7978-4EC6-8DED-6015528B2B30}.Release|Any CPU.Build.0 = Release|Any CPU
		{73AA726C-FA6C-45F9-895A-5F17107A016F}.Debug|Any CPU.ActiveCfg = Debug|Any CPU
		{73AA726C-FA6C-45F9-895A-5F17107A016F}.Debug|Any CPU.Build.0 = Debug|Any CPU
		{73AA726C-FA6C-45F9-895A-5F17107A016F}.Release|Any CPU.ActiveCfg = Release|Any CPU
		{73AA726C-FA6C-45F9-895A-5F17107A016F}.Release|Any CPU.Build.0 = Release|Any CPU
		{2820C2DF-F04A-44C2-B365-A6444A904255}.Debug|Any CPU.ActiveCfg = Debug|Any CPU
		{2820C2DF-F04A-44C2-B365-A6444A904255}.Debug|Any CPU.Build.0 = Debug|Any CPU
		{2820C2DF-F04A-44C2-B365-A6444A904255}.Release|Any CPU.ActiveCfg = Release|Any CPU
		{2820C2DF-F04A-44C2-B365-A6444A904255}.Release|Any CPU.Build.0 = Release|Any CPU
		{C193ECF3-FD35-4E75-A617-8D280AC8E044}.Debug|Any CPU.ActiveCfg = Debug|Any CPU
		{C193ECF3-FD35-4E75-A617-8D280AC8E044}.Debug|Any CPU.Build.0 = Debug|Any CPU
		{C193ECF3-FD35-4E75-A617-8D280AC8E044}.Release|Any CPU.ActiveCfg = Release|Any CPU
		{C193ECF3-FD35-4E75-A617-8D280AC8E044}.Release|Any CPU.Build.0 = Release|Any CPU
	EndGlobalSection
	GlobalSection(SolutionProperties) = preSolution
		HideSolutionNode = FALSE
	EndGlobalSection
	GlobalSection(ExtensibilityGlobals) = postSolution
		SolutionGuid = {67735796-747C-40B2-8F82-8794675FC038}
	EndGlobalSection
EndGlobal
